
Microsoft Visual Studio Solution File, Format Version 12.00
# Visual Studio Version 16
VisualStudioVersion = 16.0.28803.202
MinimumVisualStudioVersion = 10.0.40219.1
Project("{9A19103F-16F7-4668-BE54-9A1E7A4F7556}") = "DBCDumpHost", "DBCDumpHost\DBCDumpHost.csproj", "{81E3CC2D-6004-4546-ABF6-E2273C2DA4CD}"
EndProject
Global
	GlobalSection(SolutionConfigurationPlatforms) = preSolution
		Debug|Any CPU = Debug|Any CPU
		Release|Any CPU = Release|Any CPU
	EndGlobalSection
	GlobalSection(ProjectConfigurationPlatforms) = postSolution
		{81E3CC2D-6004-4546-ABF6-E2273C2DA4CD}.Debug|Any CPU.ActiveCfg = Debug|Any CPU
		{81E3CC2D-6004-4546-ABF6-E2273C2DA4CD}.Debug|Any CPU.Build.0 = Debug|Any CPU
		{81E3CC2D-6004-4546-ABF6-E2273C2DA4CD}.Release|Any CPU.ActiveCfg = Release|Any CPU
		{81E3CC2D-6004-4546-ABF6-E2273C2DA4CD}.Release|Any CPU.Build.0 = Release|Any CPU
	EndGlobalSection
	GlobalSection(SolutionProperties) = preSolution
		HideSolutionNode = FALSE
	EndGlobalSection
	GlobalSection(ExtensibilityGlobals) = postSolution
		SolutionGuid = {BF7F1832-0E58-4DE1-A7E8-FF490E970BD3}
	EndGlobalSection
EndGlobal
