
Microsoft Visual Studio Solution File, Format Version 12.00
# Visual Studio Version 16
VisualStudioVersion = 16.0.28917.181
MinimumVisualStudioVersion = 10.0.40219.1
Project("{9A19103F-16F7-4668-BE54-9A1E7A4F7556}") = "DBCDumpHost", "DBCDumpHost\DBCDumpHost.csproj", "{81E3CC2D-6004-4546-ABF6-E2273C2DA4CD}"
EndProject
Project("{9A19103F-16F7-4668-BE54-9A1E7A4F7556}") = "DBDiffer", "DBDiffer\DBDiffer\DBDiffer.csproj", "{F7FE9821-98B1-4B28-8588-FEA5257CFC75}"
EndProject
Project("{9A19103F-16F7-4668-BE54-9A1E7A4F7556}") = "DBCD", "DBCD\DBCD\DBCD.csproj", "{80F523B6-1E0E-414D-BF7E-4C89AECF1F20}"
EndProject
Project("{9A19103F-16F7-4668-BE54-9A1E7A4F7556}") = "DBFileReaderLib", "DBCD\DBFileReaderLib\DBFileReaderLib.csproj", "{09587743-1E93-4A4E-B46B-E445A7EB43BF}"
EndProject
Project("{FAE04EC0-301F-11D3-BF4B-00C04F79EFBC}") = "DBCDTester", "DBCDTester\DBCDTester.csproj", "{EECA2B45-F5ED-42E6-8827-6471427AD04E}"
EndProject
Project("{9A19103F-16F7-4668-BE54-9A1E7A4F7556}") = "Tests", "Tests\Tests.csproj", "{B0ED83D4-C5DB-4205-BE53-3D9636C2CCC2}"
EndProject
Project("{FAE04EC0-301F-11D3-BF4B-00C04F79EFBC}") = "WoWTools.SpellDescParser", "WoWTools.SpellDescParser\WoWTools.SpellDescParser.csproj", "{3BECDCD1-B1BD-4E9F-A777-BFBB87B4A4AE}"
EndProject
Global
	GlobalSection(SolutionConfigurationPlatforms) = preSolution
		Debug|Any CPU = Debug|Any CPU
		Release|Any CPU = Release|Any CPU
	EndGlobalSection
	GlobalSection(ProjectConfigurationPlatforms) = postSolution
		{81E3CC2D-6004-4546-ABF6-E2273C2DA4CD}.Debug|Any CPU.ActiveCfg = Debug|Any CPU
		{81E3CC2D-6004-4546-ABF6-E2273C2DA4CD}.Debug|Any CPU.Build.0 = Debug|Any CPU
		{81E3CC2D-6004-4546-ABF6-E2273C2DA4CD}.Release|Any CPU.ActiveCfg = Release|Any CPU
		{81E3CC2D-6004-4546-ABF6-E2273C2DA4CD}.Release|Any CPU.Build.0 = Release|Any CPU
		{F7FE9821-98B1-4B28-8588-FEA5257CFC75}.Debug|Any CPU.ActiveCfg = Debug|Any CPU
		{F7FE9821-98B1-4B28-8588-FEA5257CFC75}.Debug|Any CPU.Build.0 = Debug|Any CPU
		{F7FE9821-98B1-4B28-8588-FEA5257CFC75}.Release|Any CPU.ActiveCfg = Release|Any CPU
		{F7FE9821-98B1-4B28-8588-FEA5257CFC75}.Release|Any CPU.Build.0 = Release|Any CPU
		{80F523B6-1E0E-414D-BF7E-4C89AECF1F20}.Debug|Any CPU.ActiveCfg = Debug|Any CPU
		{80F523B6-1E0E-414D-BF7E-4C89AECF1F20}.Debug|Any CPU.Build.0 = Debug|Any CPU
		{80F523B6-1E0E-414D-BF7E-4C89AECF1F20}.Release|Any CPU.ActiveCfg = Release|Any CPU
		{80F523B6-1E0E-414D-BF7E-4C89AECF1F20}.Release|Any CPU.Build.0 = Release|Any CPU
		{09587743-1E93-4A4E-B46B-E445A7EB43BF}.Debug|Any CPU.ActiveCfg = Debug|Any CPU
		{09587743-1E93-4A4E-B46B-E445A7EB43BF}.Debug|Any CPU.Build.0 = Debug|Any CPU
		{09587743-1E93-4A4E-B46B-E445A7EB43BF}.Release|Any CPU.ActiveCfg = Release|Any CPU
		{09587743-1E93-4A4E-B46B-E445A7EB43BF}.Release|Any CPU.Build.0 = Release|Any CPU
		{EECA2B45-F5ED-42E6-8827-6471427AD04E}.Debug|Any CPU.ActiveCfg = Debug|Any CPU
		{EECA2B45-F5ED-42E6-8827-6471427AD04E}.Debug|Any CPU.Build.0 = Debug|Any CPU
		{EECA2B45-F5ED-42E6-8827-6471427AD04E}.Release|Any CPU.ActiveCfg = Release|Any CPU
		{EECA2B45-F5ED-42E6-8827-6471427AD04E}.Release|Any CPU.Build.0 = Release|Any CPU
		{B0ED83D4-C5DB-4205-BE53-3D9636C2CCC2}.Debug|Any CPU.ActiveCfg = Debug|Any CPU
		{B0ED83D4-C5DB-4205-BE53-3D9636C2CCC2}.Debug|Any CPU.Build.0 = Debug|Any CPU
		{B0ED83D4-C5DB-4205-BE53-3D9636C2CCC2}.Release|Any CPU.ActiveCfg = Release|Any CPU
		{B0ED83D4-C5DB-4205-BE53-3D9636C2CCC2}.Release|Any CPU.Build.0 = Release|Any CPU
		{3BECDCD1-B1BD-4E9F-A777-BFBB87B4A4AE}.Debug|Any CPU.ActiveCfg = Debug|Any CPU
		{3BECDCD1-B1BD-4E9F-A777-BFBB87B4A4AE}.Debug|Any CPU.Build.0 = Debug|Any CPU
		{3BECDCD1-B1BD-4E9F-A777-BFBB87B4A4AE}.Release|Any CPU.ActiveCfg = Release|Any CPU
		{3BECDCD1-B1BD-4E9F-A777-BFBB87B4A4AE}.Release|Any CPU.Build.0 = Release|Any CPU
	EndGlobalSection
	GlobalSection(SolutionProperties) = preSolution
		HideSolutionNode = FALSE
	EndGlobalSection
	GlobalSection(ExtensibilityGlobals) = postSolution
		SolutionGuid = {BF7F1832-0E58-4DE1-A7E8-FF490E970BD3}
	EndGlobalSection
EndGlobal
